// !$*UTF8*$!
{
	archiveVersion = 1;
	classes = {
	};
	objectVersion = 56;
	objects = {

/* Begin PBXBuildFile section */
		E561B4702C61F9600093B8B7 /* AppDelegate.swift in Sources */ = {isa = PBXBuildFile; fileRef = E561B46F2C61F9600093B8B7 /* AppDelegate.swift */; };
		E561B4722C61F9600093B8B7 /* SceneDelegate.swift in Sources */ = {isa = PBXBuildFile; fileRef = E561B4712C61F9600093B8B7 /* SceneDelegate.swift */; };
		E561B4742C61F9600093B8B7 /* ViewController.swift in Sources */ = {isa = PBXBuildFile; fileRef = E561B4732C61F9600093B8B7 /* ViewController.swift */; };
		E561B4772C61F9600093B8B7 /* Base in Resources */ = {isa = PBXBuildFile; fileRef = E561B4762C61F9600093B8B7 /* Base */; };
		E561B4792C61F9620093B8B7 /* Assets.xcassets in Resources */ = {isa = PBXBuildFile; fileRef = E561B4782C61F9620093B8B7 /* Assets.xcassets */; };
		E561B47C2C61F9620093B8B7 /* Base in Resources */ = {isa = PBXBuildFile; fileRef = E561B47B2C61F9620093B8B7 /* Base */; };
		E561B4872C61F9620093B8B7 /* FAAMTests.swift in Sources */ = {isa = PBXBuildFile; fileRef = E561B4862C61F9620093B8B7 /* FAAMTests.swift */; };
		E561B4912C61F9620093B8B7 /* FAAMUITests.swift in Sources */ = {isa = PBXBuildFile; fileRef = E561B4902C61F9620093B8B7 /* FAAMUITests.swift */; };
		E561B4932C61F9620093B8B7 /* FAAMUITestsLaunchTests.swift in Sources */ = {isa = PBXBuildFile; fileRef = E561B4922C61F9620093B8B7 /* FAAMUITestsLaunchTests.swift */; };
/* End PBXBuildFile section */

/* Begin PBXContainerItemProxy section */
		E561B4832C61F9620093B8B7 /* PBXContainerItemProxy */ = {
			isa = PBXContainerItemProxy;
			containerPortal = E561B4642C61F9600093B8B7 /* Project object */;
			proxyType = 1;
			remoteGlobalIDString = E561B46B2C61F9600093B8B7;
			remoteInfo = FAAM;
		};
		E561B48D2C61F9620093B8B7 /* PBXContainerItemProxy */ = {
			isa = PBXContainerItemProxy;
			containerPortal = E561B4642C61F9600093B8B7 /* Project object */;
			proxyType = 1;
			remoteGlobalIDString = E561B46B2C61F9600093B8B7;
			remoteInfo = FAAM;
		};
/* End PBXContainerItemProxy section */

/* Begin PBXFileReference section */
		E561B46C2C61F9600093B8B7 /* FAAM.app */ = {isa = PBXFileReference; explicitFileType = wrapper.application; includeInIndex = 0; path = FAAM.app; sourceTree = BUILT_PRODUCTS_DIR; };
		E561B46F2C61F9600093B8B7 /* AppDelegate.swift */ = {isa = PBXFileReference; lastKnownFileType = sourcecode.swift; path = AppDelegate.swift; sourceTree = "<group>"; };
		E561B4712C61F9600093B8B7 /* SceneDelegate.swift */ = {isa = PBXFileReference; lastKnownFileType = sourcecode.swift; path = SceneDelegate.swift; sourceTree = "<group>"; };
		E561B4732C61F9600093B8B7 /* ViewController.swift */ = {isa = PBXFileReference; lastKnownFileType = sourcecode.swift; path = ViewController.swift; sourceTree = "<group>"; };
		E561B4762C61F9600093B8B7 /* Base */ = {isa = PBXFileReference; lastKnownFileType = file.storyboard; name = Base; path = Base.lproj/Main.storyboard; sourceTree = "<group>"; };
		E561B4782C61F9620093B8B7 /* Assets.xcassets */ = {isa = PBXFileReference; lastKnownFileType = folder.assetcatalog; path = Assets.xcassets; sourceTree = "<group>"; };
		E561B47B2C61F9620093B8B7 /* Base */ = {isa = PBXFileReference; lastKnownFileType = file.storyboard; name = Base; path = Base.lproj/LaunchScreen.storyboard; sourceTree = "<group>"; };
		E561B47D2C61F9620093B8B7 /* Info.plist */ = {isa = PBXFileReference; lastKnownFileType = text.plist.xml; path = Info.plist; sourceTree = "<group>"; };
		E561B4822C61F9620093B8B7 /* FAAMTests.xctest */ = {isa = PBXFileReference; explicitFileType = wrapper.cfbundle; includeInIndex = 0; path = FAAMTests.xctest; sourceTree = BUILT_PRODUCTS_DIR; };
		E561B4862C61F9620093B8B7 /* FAAMTests.swift */ = {isa = PBXFileReference; lastKnownFileType = sourcecode.swift; path = FAAMTests.swift; sourceTree = "<group>"; };
		E561B48C2C61F9620093B8B7 /* FAAMUITests.xctest */ = {isa = PBXFileReference; explicitFileType = wrapper.cfbundle; includeInIndex = 0; path = FAAMUITests.xctest; sourceTree = BUILT_PRODUCTS_DIR; };
		E561B4902C61F9620093B8B7 /* FAAMUITests.swift */ = {isa = PBXFileReference; lastKnownFileType = sourcecode.swift; path = FAAMUITests.swift; sourceTree = "<group>"; };
		E561B4922C61F9620093B8B7 /* FAAMUITestsLaunchTests.swift */ = {isa = PBXFileReference; lastKnownFileType = sourcecode.swift; path = FAAMUITestsLaunchTests.swift; sourceTree = "<group>"; };
/* End PBXFileReference section */

/* Begin PBXFrameworksBuildPhase section */
		E561B4692C61F9600093B8B7 /* Frameworks */ = {
			isa = PBXFrameworksBuildPhase;
			buildActionMask = 2147483647;
			files = (
			);
			runOnlyForDeploymentPostprocessing = 0;
		};
		E561B47F2C61F9620093B8B7 /* Frameworks */ = {
			isa = PBXFrameworksBuildPhase;
			buildActionMask = 2147483647;
			files = (
			);
			runOnlyForDeploymentPostprocessing = 0;
		};
		E561B4892C61F9620093B8B7 /* Frameworks */ = {
			isa = PBXFrameworksBuildPhase;
			buildActionMask = 2147483647;
			files = (
			);
			runOnlyForDeploymentPostprocessing = 0;
		};
/* End PBXFrameworksBuildPhase section */

/* Begin PBXGroup section */
		E561B4632C61F9600093B8B7 = {
			isa = PBXGroup;
			children = (
				E561B46E2C61F9600093B8B7 /* FAAM */,
				E561B4852C61F9620093B8B7 /* FAAMTests */,
				E561B48F2C61F9620093B8B7 /* FAAMUITests */,
				E561B46D2C61F9600093B8B7 /* Products */,
			);
			sourceTree = "<group>";
		};
		E561B46D2C61F9600093B8B7 /* Products */ = {
			isa = PBXGroup;
			children = (
				E561B46C2C61F9600093B8B7 /* FAAM.app */,
				E561B4822C61F9620093B8B7 /* FAAMTests.xctest */,
				E561B48C2C61F9620093B8B7 /* FAAMUITests.xctest */,
			);
			name = Products;
			sourceTree = "<group>";
		};
		E561B46E2C61F9600093B8B7 /* FAAM */ = {
			isa = PBXGroup;
			children = (
				E561B46F2C61F9600093B8B7 /* AppDelegate.swift */,
				E561B4712C61F9600093B8B7 /* SceneDelegate.swift */,
				E561B4732C61F9600093B8B7 /* ViewController.swift */,
				E561B4752C61F9600093B8B7 /* Main.storyboard */,
				E561B4782C61F9620093B8B7 /* Assets.xcassets */,
				E561B47A2C61F9620093B8B7 /* LaunchScreen.storyboard */,
				E561B47D2C61F9620093B8B7 /* Info.plist */,
			);
			path = FAAM;
			sourceTree = "<group>";
		};
		E561B4852C61F9620093B8B7 /* FAAMTests */ = {
			isa = PBXGroup;
			children = (
				E561B4862C61F9620093B8B7 /* FAAMTests.swift */,
			);
			path = FAAMTests;
			sourceTree = "<group>";
		};
		E561B48F2C61F9620093B8B7 /* FAAMUITests */ = {
			isa = PBXGroup;
			children = (
				E561B4902C61F9620093B8B7 /* FAAMUITests.swift */,
				E561B4922C61F9620093B8B7 /* FAAMUITestsLaunchTests.swift */,
			);
			path = FAAMUITests;
			sourceTree = "<group>";
		};
/* End PBXGroup section */

/* Begin PBXNativeTarget section */
		E561B46B2C61F9600093B8B7 /* FAAM */ = {
			isa = PBXNativeTarget;
			buildConfigurationList = E561B4962C61F9620093B8B7 /* Build configuration list for PBXNativeTarget "FAAM" */;
			buildPhases = (
				E561B4682C61F9600093B8B7 /* Sources */,
				E561B4692C61F9600093B8B7 /* Frameworks */,
				E561B46A2C61F9600093B8B7 /* Resources */,
			);
			buildRules = (
			);
			dependencies = (
			);
			name = FAAM;
			productName = FAAM;
			productReference = E561B46C2C61F9600093B8B7 /* FAAM.app */;
			productType = "com.apple.product-type.application";
		};
		E561B4812C61F9620093B8B7 /* FAAMTests */ = {
			isa = PBXNativeTarget;
			buildConfigurationList = E561B4992C61F9620093B8B7 /* Build configuration list for PBXNativeTarget "FAAMTests" */;
			buildPhases = (
				E561B47E2C61F9620093B8B7 /* Sources */,
				E561B47F2C61F9620093B8B7 /* Frameworks */,
				E561B4802C61F9620093B8B7 /* Resources */,
			);
			buildRules = (
			);
			dependencies = (
				E561B4842C61F9620093B8B7 /* PBXTargetDependency */,
			);
			name = FAAMTests;
			productName = FAAMTests;
			productReference = E561B4822C61F9620093B8B7 /* FAAMTests.xctest */;
			productType = "com.apple.product-type.bundle.unit-test";
		};
		E561B48B2C61F9620093B8B7 /* FAAMUITests */ = {
			isa = PBXNativeTarget;
			buildConfigurationList = E561B49C2C61F9620093B8B7 /* Build configuration list for PBXNativeTarget "FAAMUITests" */;
			buildPhases = (
				E561B4882C61F9620093B8B7 /* Sources */,
				E561B4892C61F9620093B8B7 /* Frameworks */,
				E561B48A2C61F9620093B8B7 /* Resources */,
			);
			buildRules = (
			);
			dependencies = (
				E561B48E2C61F9620093B8B7 /* PBXTargetDependency */,
			);
			name = FAAMUITests;
			productName = FAAMUITests;
			productReference = E561B48C2C61F9620093B8B7 /* FAAMUITests.xctest */;
			productType = "com.apple.product-type.bundle.ui-testing";
		};
/* End PBXNativeTarget section */

/* Begin PBXProject section */
		E561B4642C61F9600093B8B7 /* Project object */ = {
			isa = PBXProject;
			attributes = {
				BuildIndependentTargetsInParallel = 1;
				LastSwiftUpdateCheck = 1530;
				LastUpgradeCheck = 1530;
				TargetAttributes = {
					E561B46B2C61F9600093B8B7 = {
						CreatedOnToolsVersion = 15.3;
					};
					E561B4812C61F9620093B8B7 = {
						CreatedOnToolsVersion = 15.3;
						TestTargetID = E561B46B2C61F9600093B8B7;
					};
					E561B48B2C61F9620093B8B7 = {
						CreatedOnToolsVersion = 15.3;
						TestTargetID = E561B46B2C61F9600093B8B7;
					};
				};
			};
			buildConfigurationList = E561B4672C61F9600093B8B7 /* Build configuration list for PBXProject "FAAM" */;
			compatibilityVersion = "Xcode 14.0";
			developmentRegion = en;
			hasScannedForEncodings = 0;
			knownRegions = (
				en,
				Base,
			);
			mainGroup = E561B4632C61F9600093B8B7;
			productRefGroup = E561B46D2C61F9600093B8B7 /* Products */;
			projectDirPath = "";
			projectRoot = "";
			targets = (
				E561B46B2C61F9600093B8B7 /* FAAM */,
				E561B4812C61F9620093B8B7 /* FAAMTests */,
				E561B48B2C61F9620093B8B7 /* FAAMUITests */,
			);
		};
/* End PBXProject section */

/* Begin PBXResourcesBuildPhase section */
		E561B46A2C61F9600093B8B7 /* Resources */ = {
			isa = PBXResourcesBuildPhase;
			buildActionMask = 2147483647;
			files = (
				E561B4792C61F9620093B8B7 /* Assets.xcassets in Resources */,
				E561B47C2C61F9620093B8B7 /* Base in Resources */,
				E561B4772C61F9600093B8B7 /* Base in Resources */,
			);
			runOnlyForDeploymentPostprocessing = 0;
		};
		E561B4802C61F9620093B8B7 /* Resources */ = {
			isa = PBXResourcesBuildPhase;
			buildActionMask = 2147483647;
			files = (
			);
			runOnlyForDeploymentPostprocessing = 0;
		};
		E561B48A2C61F9620093B8B7 /* Resources */ = {
			isa = PBXResourcesBuildPhase;
			buildActionMask = 2147483647;
			files = (
			);
			runOnlyForDeploymentPostprocessing = 0;
		};
/* End PBXResourcesBuildPhase section */

/* Begin PBXSourcesBuildPhase section */
		E561B4682C61F9600093B8B7 /* Sources */ = {
			isa = PBXSourcesBuildPhase;
			buildActionMask = 2147483647;
			files = (
				E561B4742C61F9600093B8B7 /* ViewController.swift in Sources */,
				E561B4702C61F9600093B8B7 /* AppDelegate.swift in Sources */,
				E561B4722C61F9600093B8B7 /* SceneDelegate.swift in Sources */,
			);
			runOnlyForDeploymentPostprocessing = 0;
		};
		E561B47E2C61F9620093B8B7 /* Sources */ = {
			isa = PBXSourcesBuildPhase;
			buildActionMask = 2147483647;
			files = (
				E561B4872C61F9620093B8B7 /* FAAMTests.swift in Sources */,
			);
			runOnlyForDeploymentPostprocessing = 0;
		};
		E561B4882C61F9620093B8B7 /* Sources */ = {
			isa = PBXSourcesBuildPhase;
			buildActionMask = 2147483647;
			files = (
				E561B4912C61F9620093B8B7 /* FAAMUITests.swift in Sources */,
				E561B4932C61F9620093B8B7 /* FAAMUITestsLaunchTests.swift in Sources */,
			);
			runOnlyForDeploymentPostprocessing = 0;
		};
/* End PBXSourcesBuildPhase section */

/* Begin PBXTargetDependency section */
		E561B4842C61F9620093B8B7 /* PBXTargetDependency */ = {
			isa = PBXTargetDependency;
			target = E561B46B2C61F9600093B8B7 /* FAAM */;
			targetProxy = E561B4832C61F9620093B8B7 /* PBXContainerItemProxy */;
		};
		E561B48E2C61F9620093B8B7 /* PBXTargetDependency */ = {
			isa = PBXTargetDependency;
			target = E561B46B2C61F9600093B8B7 /* FAAM */;
			targetProxy = E561B48D2C61F9620093B8B7 /* PBXContainerItemProxy */;
		};
/* End PBXTargetDependency section */

/* Begin PBXVariantGroup section */
		E561B4752C61F9600093B8B7 /* Main.storyboard */ = {
			isa = PBXVariantGroup;
			children = (
				E561B4762C61F9600093B8B7 /* Base */,
			);
			name = Main.storyboard;
			sourceTree = "<group>";
		};
		E561B47A2C61F9620093B8B7 /* LaunchScreen.storyboard */ = {
			isa = PBXVariantGroup;
			children = (
				E561B47B2C61F9620093B8B7 /* Base */,
			);
			name = LaunchScreen.storyboard;
			sourceTree = "<group>";
		};
/* End PBXVariantGroup section */

/* Begin XCBuildConfiguration section */
		E561B4942C61F9620093B8B7 /* Debug */ = {
			isa = XCBuildConfiguration;
			buildSettings = {
				ALWAYS_SEARCH_USER_PATHS = NO;
				ASSETCATALOG_COMPILER_GENERATE_SWIFT_ASSET_SYMBOL_EXTENSIONS = YES;
				CLANG_ANALYZER_NONNULL = YES;
				CLANG_ANALYZER_NUMBER_OBJECT_CONVERSION = YES_AGGRESSIVE;
				CLANG_CXX_LANGUAGE_STANDARD = "gnu++20";
				CLANG_ENABLE_MODULES = YES;
				CLANG_ENABLE_OBJC_ARC = YES;
				CLANG_ENABLE_OBJC_WEAK = YES;
				CLANG_WARN_BLOCK_CAPTURE_AUTORELEASING = YES;
				CLANG_WARN_BOOL_CONVERSION = YES;
				CLANG_WARN_COMMA = YES;
				CLANG_WARN_CONSTANT_CONVERSION = YES;
				CLANG_WARN_DEPRECATED_OBJC_IMPLEMENTATIONS = YES;
				CLANG_WARN_DIRECT_OBJC_ISA_USAGE = YES_ERROR;
				CLANG_WARN_DOCUMENTATION_COMMENTS = YES;
				CLANG_WARN_EMPTY_BODY = YES;
				CLANG_WARN_ENUM_CONVERSION = YES;
				CLANG_WARN_INFINITE_RECURSION = YES;
				CLANG_WARN_INT_CONVERSION = YES;
				CLANG_WARN_NON_LITERAL_NULL_CONVERSION = YES;
				CLANG_WARN_OBJC_IMPLICIT_RETAIN_SELF = YES;
				CLANG_WARN_OBJC_LITERAL_CONVERSION = YES;
				CLANG_WARN_OBJC_ROOT_CLASS = YES_ERROR;
				CLANG_WARN_QUOTED_INCLUDE_IN_FRAMEWORK_HEADER = YES;
				CLANG_WARN_RANGE_LOOP_ANALYSIS = YES;
				CLANG_WARN_STRICT_PROTOTYPES = YES;
				CLANG_WARN_SUSPICIOUS_MOVE = YES;
				CLANG_WARN_UNGUARDED_AVAILABILITY = YES_AGGRESSIVE;
				CLANG_WARN_UNREACHABLE_CODE = YES;
				CLANG_WARN__DUPLICATE_METHOD_MATCH = YES;
				COPY_PHASE_STRIP = NO;
				DEBUG_INFORMATION_FORMAT = dwarf;
				ENABLE_STRICT_OBJC_MSGSEND = YES;
				ENABLE_TESTABILITY = YES;
				ENABLE_USER_SCRIPT_SANDBOXING = YES;
				GCC_C_LANGUAGE_STANDARD = gnu17;
				GCC_DYNAMIC_NO_PIC = NO;
				GCC_NO_COMMON_BLOCKS = YES;
				GCC_OPTIMIZATION_LEVEL = 0;
				GCC_PREPROCESSOR_DEFINITIONS = (
					"DEBUG=1",
					"$(inherited)",
				);
				GCC_WARN_64_TO_32_BIT_CONVERSION = YES;
				GCC_WARN_ABOUT_RETURN_TYPE = YES_ERROR;
				GCC_WARN_UNDECLARED_SELECTOR = YES;
				GCC_WARN_UNINITIALIZED_AUTOS = YES_AGGRESSIVE;
				GCC_WARN_UNUSED_FUNCTION = YES;
				GCC_WARN_UNUSED_VARIABLE = YES;
				IPHONEOS_DEPLOYMENT_TARGET = 17.4;
				LOCALIZATION_PREFERS_STRING_CATALOGS = YES;
				MTL_ENABLE_DEBUG_INFO = INCLUDE_SOURCE;
				MTL_FAST_MATH = YES;
				ONLY_ACTIVE_ARCH = YES;
				SDKROOT = iphoneos;
				SWIFT_ACTIVE_COMPILATION_CONDITIONS = "DEBUG $(inherited)";
				SWIFT_OPTIMIZATION_LEVEL = "-Onone";
			};
			name = Debug;
		};
		E561B4952C61F9620093B8B7 /* Release */ = {
			isa = XCBuildConfiguration;
			buildSettings = {
				ALWAYS_SEARCH_USER_PATHS = NO;
				ASSETCATALOG_COMPILER_GENERATE_SWIFT_ASSET_SYMBOL_EXTENSIONS = YES;
				CLANG_ANALYZER_NONNULL = YES;
				CLANG_ANALYZER_NUMBER_OBJECT_CONVERSION = YES_AGGRESSIVE;
				CLANG_CXX_LANGUAGE_STANDARD = "gnu++20";
				CLANG_ENABLE_MODULES = YES;
				CLANG_ENABLE_OBJC_ARC = YES;
				CLANG_ENABLE_OBJC_WEAK = YES;
				CLANG_WARN_BLOCK_CAPTURE_AUTORELEASING = YES;
				CLANG_WARN_BOOL_CONVERSION = YES;
				CLANG_WARN_COMMA = YES;
				CLANG_WARN_CONSTANT_CONVERSION = YES;
				CLANG_WARN_DEPRECATED_OBJC_IMPLEMENTATIONS = YES;
				CLANG_WARN_DIRECT_OBJC_ISA_USAGE = YES_ERROR;
				CLANG_WARN_DOCUMENTATION_COMMENTS = YES;
				CLANG_WARN_EMPTY_BODY = YES;
				CLANG_WARN_ENUM_CONVERSION = YES;
				CLANG_WARN_INFINITE_RECURSION = YES;
				CLANG_WARN_INT_CONVERSION = YES;
				CLANG_WARN_NON_LITERAL_NULL_CONVERSION = YES;
				CLANG_WARN_OBJC_IMPLICIT_RETAIN_SELF = YES;
				CLANG_WARN_OBJC_LITERAL_CONVERSION = YES;
				CLANG_WARN_OBJC_ROOT_CLASS = YES_ERROR;
				CLANG_WARN_QUOTED_INCLUDE_IN_FRAMEWORK_HEADER = YES;
				CLANG_WARN_RANGE_LOOP_ANALYSIS = YES;
				CLANG_WARN_STRICT_PROTOTYPES = YES;
				CLANG_WARN_SUSPICIOUS_MOVE = YES;
				CLANG_WARN_UNGUARDED_AVAILABILITY = YES_AGGRESSIVE;
				CLANG_WARN_UNREACHABLE_CODE = YES;
				CLANG_WARN__DUPLICATE_METHOD_MATCH = YES;
				COPY_PHASE_STRIP = NO;
				DEBUG_INFORMATION_FORMAT = "dwarf-with-dsym";
				ENABLE_NS_ASSERTIONS = NO;
				ENABLE_STRICT_OBJC_MSGSEND = YES;
				ENABLE_USER_SCRIPT_SANDBOXING = YES;
				GCC_C_LANGUAGE_STANDARD = gnu17;
				GCC_NO_COMMON_BLOCKS = YES;
				GCC_WARN_64_TO_32_BIT_CONVERSION = YES;
				GCC_WARN_ABOUT_RETURN_TYPE = YES_ERROR;
				GCC_WARN_UNDECLARED_SELECTOR = YES;
				GCC_WARN_UNINITIALIZED_AUTOS = YES_AGGRESSIVE;
				GCC_WARN_UNUSED_FUNCTION = YES;
				GCC_WARN_UNUSED_VARIABLE = YES;
				IPHONEOS_DEPLOYMENT_TARGET = 17.4;
				LOCALIZATION_PREFERS_STRING_CATALOGS = YES;
				MTL_ENABLE_DEBUG_INFO = NO;
				MTL_FAST_MATH = YES;
				SDKROOT = iphoneos;
				SWIFT_COMPILATION_MODE = wholemodule;
				VALIDATE_PRODUCT = YES;
			};
			name = Release;
		};
		E561B4972C61F9620093B8B7 /* Debug */ = {
			isa = XCBuildConfiguration;
			buildSettings = {
				ASSETCATALOG_COMPILER_APPICON_NAME = AppIcon;
				ASSETCATALOG_COMPILER_GLOBAL_ACCENT_COLOR_NAME = AccentColor;
				CODE_SIGN_STYLE = Automatic;
				CURRENT_PROJECT_VERSION = 1;
				GENERATE_INFOPLIST_FILE = YES;
				INFOPLIST_FILE = FAAM/Info.plist;
				INFOPLIST_KEY_UIApplicationSupportsIndirectInputEvents = YES;
				INFOPLIST_KEY_UILaunchStoryboardName = LaunchScreen;
				INFOPLIST_KEY_UIMainStoryboardFile = Main;
				INFOPLIST_KEY_UISupportedInterfaceOrientations_iPad = "UIInterfaceOrientationPortrait UIInterfaceOrientationPortraitUpsideDown UIInterfaceOrientationLandscapeLeft UIInterfaceOrientationLandscapeRight";
				INFOPLIST_KEY_UISupportedInterfaceOrientations_iPhone = "UIInterfaceOrientationPortrait UIInterfaceOrientationLandscapeLeft UIInterfaceOrientationLandscapeRight";
				LD_RUNPATH_SEARCH_PATHS = (
					"$(inherited)",
					"@executable_path/Frameworks",
				);
				MARKETING_VERSION = 1.0;
				PRODUCT_BUNDLE_IDENTIFIER = com.jhack.FAAM;
				PRODUCT_NAME = "$(TARGET_NAME)";
				SWIFT_EMIT_LOC_STRINGS = YES;
				SWIFT_VERSION = 5.0;
				TARGETED_DEVICE_FAMILY = "1,2";
			};
			name = Debug;
		};
		E561B4982C61F9620093B8B7 /* Release */ = {
			isa = XCBuildConfiguration;
			buildSettings = {
				ASSETCATALOG_COMPILER_APPICON_NAME = AppIcon;
				ASSETCATALOG_COMPILER_GLOBAL_ACCENT_COLOR_NAME = AccentColor;
				CODE_SIGN_STYLE = Automatic;
				CURRENT_PROJECT_VERSION = 1;
				GENERATE_INFOPLIST_FILE = YES;
				INFOPLIST_FILE = FAAM/Info.plist;
				INFOPLIST_KEY_UIApplicationSupportsIndirectInputEvents = YES;
				INFOPLIST_KEY_UILaunchStoryboardName = LaunchScreen;
				INFOPLIST_KEY_UIMainStoryboardFile = Main;
				INFOPLIST_KEY_UISupportedInterfaceOrientations_iPad = "UIInterfaceOrientationPortrait UIInterfaceOrientationPortraitUpsideDown UIInterfaceOrientationLandscapeLeft UIInterfaceOrientationLandscapeRight";
				INFOPLIST_KEY_UISupportedInterfaceOrientations_iPhone = "UIInterfaceOrientationPortrait UIInterfaceOrientationLandscapeLeft UIInterfaceOrientationLandscapeRight";
				LD_RUNPATH_SEARCH_PATHS = (
					"$(inherited)",
					"@executable_path/Frameworks",
				);
				MARKETING_VERSION = 1.0;
				PRODUCT_BUNDLE_IDENTIFIER = com.jhack.FAAM;
				PRODUCT_NAME = "$(TARGET_NAME)";
				SWIFT_EMIT_LOC_STRINGS = YES;
				SWIFT_VERSION = 5.0;
				TARGETED_DEVICE_FAMILY = "1,2";
			};
			name = Release;
		};
		E561B49A2C61F9620093B8B7 /* Debug */ = {
			isa = XCBuildConfiguration;
			buildSettings = {
				ALWAYS_EMBED_SWIFT_STANDARD_LIBRARIES = YES;
				BUNDLE_LOADER = "$(TEST_HOST)";
				CODE_SIGN_STYLE = Automatic;
				CURRENT_PROJECT_VERSION = 1;
				GENERATE_INFOPLIST_FILE = YES;
				IPHONEOS_DEPLOYMENT_TARGET = 17.4;
				MARKETING_VERSION = 1.0;
				PRODUCT_BUNDLE_IDENTIFIER = com.jhack.FAAMTests;
				PRODUCT_NAME = "$(TARGET_NAME)";
				SWIFT_EMIT_LOC_STRINGS = NO;
				SWIFT_VERSION = 5.0;
				TARGETED_DEVICE_FAMILY = "1,2";
				TEST_HOST = "$(BUILT_PRODUCTS_DIR)/FAAM.app/$(BUNDLE_EXECUTABLE_FOLDER_PATH)/FAAM";
			};
			name = Debug;
		};
		E561B49B2C61F9620093B8B7 /* Release */ = {
			isa = XCBuildConfiguration;
			buildSettings = {
				ALWAYS_EMBED_SWIFT_STANDARD_LIBRARIES = YES;
				BUNDLE_LOADER = "$(TEST_HOST)";
				CODE_SIGN_STYLE = Automatic;
				CURRENT_PROJECT_VERSION = 1;
				GENERATE_INFOPLIST_FILE = YES;
				IPHONEOS_DEPLOYMENT_TARGET = 17.4;
				MARKETING_VERSION = 1.0;
				PRODUCT_BUNDLE_IDENTIFIER = com.jhack.FAAMTests;
				PRODUCT_NAME = "$(TARGET_NAME)";
				SWIFT_EMIT_LOC_STRINGS = NO;
				SWIFT_VERSION = 5.0;
				TARGETED_DEVICE_FAMILY = "1,2";
				TEST_HOST = "$(BUILT_PRODUCTS_DIR)/FAAM.app/$(BUNDLE_EXECUTABLE_FOLDER_PATH)/FAAM";
			};
			name = Release;
		};
		E561B49D2C61F9620093B8B7 /* Debug */ = {
			isa = XCBuildConfiguration;
			buildSettings = {
				ALWAYS_EMBED_SWIFT_STANDARD_LIBRARIES = YES;
				CODE_SIGN_STYLE = Automatic;
				CURRENT_PROJECT_VERSION = 1;
				GENERATE_INFOPLIST_FILE = YES;
				MARKETING_VERSION = 1.0;
				PRODUCT_BUNDLE_IDENTIFIER = com.jhack.FAAMUITests;
				PRODUCT_NAME = "$(TARGET_NAME)";
				SWIFT_EMIT_LOC_STRINGS = NO;
				SWIFT_VERSION = 5.0;
				TARGETED_DEVICE_FAMILY = "1,2";
				TEST_TARGET_NAME = FAAM;
			};
			name = Debug;
		};
		E561B49E2C61F9620093B8B7 /* Release */ = {
			isa = XCBuildConfiguration;
			buildSettings = {
				ALWAYS_EMBED_SWIFT_STANDARD_LIBRARIES = YES;
				CODE_SIGN_STYLE = Automatic;
				CURRENT_PROJECT_VERSION = 1;
				GENERATE_INFOPLIST_FILE = YES;
				MARKETING_VERSION = 1.0;
				PRODUCT_BUNDLE_IDENTIFIER = com.jhack.FAAMUITests;
				PRODUCT_NAME = "$(TARGET_NAME)";
				SWIFT_EMIT_LOC_STRINGS = NO;
				SWIFT_VERSION = 5.0;
				TARGETED_DEVICE_FAMILY = "1,2";
				TEST_TARGET_NAME = FAAM;
			};
			name = Release;
		};
/* End XCBuildConfiguration section */

/* Begin XCConfigurationList section */
		E561B4672C61F9600093B8B7 /* Build configuration list for PBXProject "FAAM" */ = {
			isa = XCConfigurationList;
			buildConfigurations = (
				E561B4942C61F9620093B8B7 /* Debug */,
				E561B4952C61F9620093B8B7 /* Release */,
			);
			defaultConfigurationIsVisible = 0;
			defaultConfigurationName = Release;
		};
		E561B4962C61F9620093B8B7 /* Build configuration list for PBXNativeTarget "FAAM" */ = {
			isa = XCConfigurationList;
			buildConfigurations = (
				E561B4972C61F9620093B8B7 /* Debug */,
				E561B4982C61F9620093B8B7 /* Release */,
			);
			defaultConfigurationIsVisible = 0;
			defaultConfigurationName = Release;
		};
		E561B4992C61F9620093B8B7 /* Build configuration list for PBXNativeTarget "FAAMTests" */ = {
			isa = XCConfigurationList;
			buildConfigurations = (
				E561B49A2C61F9620093B8B7 /* Debug */,
				E561B49B2C61F9620093B8B7 /* Release */,
			);
			defaultConfigurationIsVisible = 0;
			defaultConfigurationName = Release;
		};
		E561B49C2C61F9620093B8B7 /* Build configuration list for PBXNativeTarget "FAAMUITests" */ = {
			isa = XCConfigurationList;
			buildConfigurations = (
				E561B49D2C61F9620093B8B7 /* Debug */,
				E561B49E2C61F9620093B8B7 /* Release */,
			);
			defaultConfigurationIsVisible = 0;
			defaultConfigurationName = Release;
		};
/* End XCConfigurationList section */
	};
	rootObject = E561B4642C61F9600093B8B7 /* Project object */;
}
